// !$*UTF8*$!
{
	archiveVersion = 1;
	classes = {
	};
	objectVersion = 55;
	objects = {

/* Begin PBXBuildFile section */
		9A0766BB28075354008E9261 /* AppDelegate.swift in Sources */ = {isa = PBXBuildFile; fileRef = 9A0766BA28075354008E9261 /* AppDelegate.swift */; };
		9A0766BD28075354008E9261 /* SceneDelegate.swift in Sources */ = {isa = PBXBuildFile; fileRef = 9A0766BC28075354008E9261 /* SceneDelegate.swift */; };
		9A0766C428075355008E9261 /* Assets.xcassets in Resources */ = {isa = PBXBuildFile; fileRef = 9A0766C328075355008E9261 /* Assets.xcassets */; };
		9A0766D7280758DD008E9261 /* CitiesPresenter.swift in Sources */ = {isa = PBXBuildFile; fileRef = 9A0766CF280758DD008E9261 /* CitiesPresenter.swift */; };
		9A0766D8280758DD008E9261 /* CitiesWorker.swift in Sources */ = {isa = PBXBuildFile; fileRef = 9A0766D0280758DD008E9261 /* CitiesWorker.swift */; };
		9A0766D9280758DD008E9261 /* CitiesRouter.swift in Sources */ = {isa = PBXBuildFile; fileRef = 9A0766D1280758DD008E9261 /* CitiesRouter.swift */; };
		9A0766DA280758DD008E9261 /* CitiesModels.swift in Sources */ = {isa = PBXBuildFile; fileRef = 9A0766D2280758DD008E9261 /* CitiesModels.swift */; };
		9A0766DB280758DD008E9261 /* CitiesViewController.swift in Sources */ = {isa = PBXBuildFile; fileRef = 9A0766D3280758DD008E9261 /* CitiesViewController.swift */; };
		9A0766DC280758DD008E9261 /* CitiesProtocols.swift in Sources */ = {isa = PBXBuildFile; fileRef = 9A0766D4280758DD008E9261 /* CitiesProtocols.swift */; };
		9A0766DD280758DD008E9261 /* CitiesAssembly.swift in Sources */ = {isa = PBXBuildFile; fileRef = 9A0766D5280758DD008E9261 /* CitiesAssembly.swift */; };
		9A0766DE280758DD008E9261 /* CitiesInteractor.swift in Sources */ = {isa = PBXBuildFile; fileRef = 9A0766D6280758DD008E9261 /* CitiesInteractor.swift */; };
		9A08B61C2809A6D500ABF97C /* Networkmanager.swift in Sources */ = {isa = PBXBuildFile; fileRef = 9A08B61B2809A6D500ABF97C /* Networkmanager.swift */; };
		9A240A5C280801C4001DE2DF /* CitiesCollectionViewCell.swift in Sources */ = {isa = PBXBuildFile; fileRef = 9A240A5B280801C4001DE2DF /* CitiesCollectionViewCell.swift */; };
		9A2821A4280EDE43000DF6D8 /* CitiesStorage.swift in Sources */ = {isa = PBXBuildFile; fileRef = 9A2821A3280EDE43000DF6D8 /* CitiesStorage.swift */; };
		9A4079702811502D0074BA0A /* StorageMock.swift in Sources */ = {isa = PBXBuildFile; fileRef = 9A40796F2811502C0074BA0A /* StorageMock.swift */; };
		9A407972281155000074BA0A /* CitiesWorkerTests.swift in Sources */ = {isa = PBXBuildFile; fileRef = 9A407971281155000074BA0A /* CitiesWorkerTests.swift */; };
		9A4079762811937C0074BA0A /* CitiesPresenterTests.swift in Sources */ = {isa = PBXBuildFile; fileRef = 9A4079752811937B0074BA0A /* CitiesPresenterTests.swift */; };
		9A407978281198690074BA0A /* CitiesVCMock.swift in Sources */ = {isa = PBXBuildFile; fileRef = 9A407977281198690074BA0A /* CitiesVCMock.swift */; };
		9A534669281677F300CF2BFB /* CitiesInteractorTests.swift in Sources */ = {isa = PBXBuildFile; fileRef = 9A534668281677F300CF2BFB /* CitiesInteractorTests.swift */; };
		9A53466B28167E8C00CF2BFB /* CitiesPresenterMock.swift in Sources */ = {isa = PBXBuildFile; fileRef = 9A53466A28167E8C00CF2BFB /* CitiesPresenterMock.swift */; };
		9A53466D2816813800CF2BFB /* CitiesWorkerMock.swift in Sources */ = {isa = PBXBuildFile; fileRef = 9A53466C2816813800CF2BFB /* CitiesWorkerMock.swift */; };
/* End PBXBuildFile section */

/* Begin PBXContainerItemProxy section */
		9A9C738C28114A7800A18615 /* PBXContainerItemProxy */ = {
			isa = PBXContainerItemProxy;
			containerPortal = 9A0766AF28075354008E9261 /* Project object */;
			proxyType = 1;
			remoteGlobalIDString = 9A0766B628075354008E9261;
			remoteInfo = WeatherCleanSwift;
		};
/* End PBXContainerItemProxy section */

/* Begin PBXFileReference section */
		9A0766B728075354008E9261 /* WeatherCleanSwift.app */ = {isa = PBXFileReference; explicitFileType = wrapper.application; includeInIndex = 0; path = WeatherCleanSwift.app; sourceTree = BUILT_PRODUCTS_DIR; };
		9A0766BA28075354008E9261 /* AppDelegate.swift */ = {isa = PBXFileReference; lastKnownFileType = sourcecode.swift; path = AppDelegate.swift; sourceTree = "<group>"; };
		9A0766BC28075354008E9261 /* SceneDelegate.swift */ = {isa = PBXFileReference; lastKnownFileType = sourcecode.swift; path = SceneDelegate.swift; sourceTree = "<group>"; };
		9A0766C328075355008E9261 /* Assets.xcassets */ = {isa = PBXFileReference; lastKnownFileType = folder.assetcatalog; path = Assets.xcassets; sourceTree = "<group>"; };
		9A0766C828075355008E9261 /* Info.plist */ = {isa = PBXFileReference; lastKnownFileType = text.plist.xml; path = Info.plist; sourceTree = "<group>"; };
		9A0766CF280758DD008E9261 /* CitiesPresenter.swift */ = {isa = PBXFileReference; lastKnownFileType = sourcecode.swift; path = CitiesPresenter.swift; sourceTree = "<group>"; };
		9A0766D0280758DD008E9261 /* CitiesWorker.swift */ = {isa = PBXFileReference; lastKnownFileType = sourcecode.swift; path = CitiesWorker.swift; sourceTree = "<group>"; };
		9A0766D1280758DD008E9261 /* CitiesRouter.swift */ = {isa = PBXFileReference; lastKnownFileType = sourcecode.swift; path = CitiesRouter.swift; sourceTree = "<group>"; };
		9A0766D2280758DD008E9261 /* CitiesModels.swift */ = {isa = PBXFileReference; lastKnownFileType = sourcecode.swift; path = CitiesModels.swift; sourceTree = "<group>"; };
		9A0766D3280758DD008E9261 /* CitiesViewController.swift */ = {isa = PBXFileReference; lastKnownFileType = sourcecode.swift; path = CitiesViewController.swift; sourceTree = "<group>"; };
		9A0766D4280758DD008E9261 /* CitiesProtocols.swift */ = {isa = PBXFileReference; lastKnownFileType = sourcecode.swift; path = CitiesProtocols.swift; sourceTree = "<group>"; };
		9A0766D5280758DD008E9261 /* CitiesAssembly.swift */ = {isa = PBXFileReference; lastKnownFileType = sourcecode.swift; path = CitiesAssembly.swift; sourceTree = "<group>"; };
		9A0766D6280758DD008E9261 /* CitiesInteractor.swift */ = {isa = PBXFileReference; lastKnownFileType = sourcecode.swift; path = CitiesInteractor.swift; sourceTree = "<group>"; };
		9A08B61B2809A6D500ABF97C /* Networkmanager.swift */ = {isa = PBXFileReference; lastKnownFileType = sourcecode.swift; path = Networkmanager.swift; sourceTree = "<group>"; };
		9A240A5B280801C4001DE2DF /* CitiesCollectionViewCell.swift */ = {isa = PBXFileReference; lastKnownFileType = sourcecode.swift; path = CitiesCollectionViewCell.swift; sourceTree = "<group>"; };
		9A2821A3280EDE43000DF6D8 /* CitiesStorage.swift */ = {isa = PBXFileReference; lastKnownFileType = sourcecode.swift; path = CitiesStorage.swift; sourceTree = "<group>"; };
		9A40796F2811502C0074BA0A /* StorageMock.swift */ = {isa = PBXFileReference; lastKnownFileType = sourcecode.swift; path = StorageMock.swift; sourceTree = "<group>"; };
		9A407971281155000074BA0A /* CitiesWorkerTests.swift */ = {isa = PBXFileReference; lastKnownFileType = sourcecode.swift; path = CitiesWorkerTests.swift; sourceTree = "<group>"; };
		9A4079752811937B0074BA0A /* CitiesPresenterTests.swift */ = {isa = PBXFileReference; lastKnownFileType = sourcecode.swift; path = CitiesPresenterTests.swift; sourceTree = "<group>"; };
		9A407977281198690074BA0A /* CitiesVCMock.swift */ = {isa = PBXFileReference; lastKnownFileType = sourcecode.swift; path = CitiesVCMock.swift; sourceTree = "<group>"; };
		9A534668281677F300CF2BFB /* CitiesInteractorTests.swift */ = {isa = PBXFileReference; lastKnownFileType = sourcecode.swift; path = CitiesInteractorTests.swift; sourceTree = "<group>"; };
		9A53466A28167E8C00CF2BFB /* CitiesPresenterMock.swift */ = {isa = PBXFileReference; lastKnownFileType = sourcecode.swift; path = CitiesPresenterMock.swift; sourceTree = "<group>"; };
		9A53466C2816813800CF2BFB /* CitiesWorkerMock.swift */ = {isa = PBXFileReference; lastKnownFileType = sourcecode.swift; path = CitiesWorkerMock.swift; sourceTree = "<group>"; };
		9A9C738828114A7800A18615 /* WeatherCleanSwiftTests.xctest */ = {isa = PBXFileReference; explicitFileType = wrapper.cfbundle; includeInIndex = 0; path = WeatherCleanSwiftTests.xctest; sourceTree = BUILT_PRODUCTS_DIR; };
/* End PBXFileReference section */

/* Begin PBXFrameworksBuildPhase section */
		9A0766B428075354008E9261 /* Frameworks */ = {
			isa = PBXFrameworksBuildPhase;
			buildActionMask = 2147483647;
			files = (
			);
			runOnlyForDeploymentPostprocessing = 0;
		};
		9A9C738528114A7800A18615 /* Frameworks */ = {
			isa = PBXFrameworksBuildPhase;
			buildActionMask = 2147483647;
			files = (
			);
			runOnlyForDeploymentPostprocessing = 0;
		};
/* End PBXFrameworksBuildPhase section */

/* Begin PBXGroup section */
		9A0766AE28075354008E9261 = {
			isa = PBXGroup;
			children = (
				9A0766B928075354008E9261 /* WeatherCleanSwift */,
				9A9C738928114A7800A18615 /* WeatherCleanSwiftTests */,
				9A0766B828075354008E9261 /* Products */,
			);
			sourceTree = "<group>";
		};
		9A0766B828075354008E9261 /* Products */ = {
			isa = PBXGroup;
			children = (
				9A0766B728075354008E9261 /* WeatherCleanSwift.app */,
				9A9C738828114A7800A18615 /* WeatherCleanSwiftTests.xctest */,
			);
			name = Products;
			sourceTree = "<group>";
		};
		9A0766B928075354008E9261 /* WeatherCleanSwift */ = {
			isa = PBXGroup;
			children = (
				9A08B61A2809A5E400ABF97C /* Subfiles */,
				9A08B6192809A5D600ABF97C /* NetworkLayer */,
				9A0766CE280758CF008E9261 /* Scenes */,
				9A0766C828075355008E9261 /* Info.plist */,
			);
			path = WeatherCleanSwift;
			sourceTree = "<group>";
		};
		9A0766CE280758CF008E9261 /* Scenes */ = {
			isa = PBXGroup;
			children = (
				9A240A592808019F001DE2DF /* CitiesScene */,
			);
			path = Scenes;
			sourceTree = "<group>";
		};
		9A08B6192809A5D600ABF97C /* NetworkLayer */ = {
			isa = PBXGroup;
			children = (
				9A08B61B2809A6D500ABF97C /* Networkmanager.swift */,
			);
			path = NetworkLayer;
			sourceTree = "<group>";
		};
		9A08B61A2809A5E400ABF97C /* Subfiles */ = {
			isa = PBXGroup;
			children = (
				9A0766BA28075354008E9261 /* AppDelegate.swift */,
				9A0766BC28075354008E9261 /* SceneDelegate.swift */,
				9A0766C328075355008E9261 /* Assets.xcassets */,
			);
			path = Subfiles;
			sourceTree = "<group>";
		};
		9A240A592808019F001DE2DF /* CitiesScene */ = {
			isa = PBXGroup;
			children = (
				9A0766CF280758DD008E9261 /* CitiesPresenter.swift */,
				9A0766D0280758DD008E9261 /* CitiesWorker.swift */,
				9A0766D1280758DD008E9261 /* CitiesRouter.swift */,
				9A0766D2280758DD008E9261 /* CitiesModels.swift */,
				9A0766D3280758DD008E9261 /* CitiesViewController.swift */,
				9A0766D4280758DD008E9261 /* CitiesProtocols.swift */,
				9A0766D5280758DD008E9261 /* CitiesAssembly.swift */,
				9A0766D6280758DD008E9261 /* CitiesInteractor.swift */,
				9A2821A3280EDE43000DF6D8 /* CitiesStorage.swift */,
				9A240A5A280801A9001DE2DF /* View */,
			);
			path = CitiesScene;
			sourceTree = "<group>";
		};
		9A240A5A280801A9001DE2DF /* View */ = {
			isa = PBXGroup;
			children = (
				9A240A5B280801C4001DE2DF /* CitiesCollectionViewCell.swift */,
			);
			path = View;
			sourceTree = "<group>";
		};
		9A9C738928114A7800A18615 /* WeatherCleanSwiftTests */ = {
			isa = PBXGroup;
			children = (
				9A9C739128114A8200A18615 /* Mocks */,
				9A407971281155000074BA0A /* CitiesWorkerTests.swift */,
				9A4079752811937B0074BA0A /* CitiesPresenterTests.swift */,
				9A534668281677F300CF2BFB /* CitiesInteractorTests.swift */,
			);
			path = WeatherCleanSwiftTests;
			sourceTree = "<group>";
		};
		9A9C739128114A8200A18615 /* Mocks */ = {
			isa = PBXGroup;
			children = (
				9A40796F2811502C0074BA0A /* StorageMock.swift */,
				9A53466A28167E8C00CF2BFB /* CitiesPresenterMock.swift */,
				9A407977281198690074BA0A /* CitiesVCMock.swift */,
				9A53466C2816813800CF2BFB /* CitiesWorkerMock.swift */,
			);
			path = Mocks;
			sourceTree = "<group>";
		};
/* End PBXGroup section */

/* Begin PBXNativeTarget section */
		9A0766B628075354008E9261 /* WeatherCleanSwift */ = {
			isa = PBXNativeTarget;
			buildConfigurationList = 9A0766CB28075355008E9261 /* Build configuration list for PBXNativeTarget "WeatherCleanSwift" */;
			buildPhases = (
				9A0766B328075354008E9261 /* Sources */,
				9A0766B428075354008E9261 /* Frameworks */,
				9A0766B528075354008E9261 /* Resources */,
				9AB725EB28094FC3004F6410 /* ShellScript */,
			);
			buildRules = (
			);
			dependencies = (
			);
			name = WeatherCleanSwift;
			productName = WeatherCleanSwift;
			productReference = 9A0766B728075354008E9261 /* WeatherCleanSwift.app */;
			productType = "com.apple.product-type.application";
		};
		9A9C738728114A7800A18615 /* WeatherCleanSwiftTests */ = {
			isa = PBXNativeTarget;
			buildConfigurationList = 9A9C739028114A7800A18615 /* Build configuration list for PBXNativeTarget "WeatherCleanSwiftTests" */;
			buildPhases = (
				9A9C738428114A7800A18615 /* Sources */,
				9A9C738528114A7800A18615 /* Frameworks */,
				9A9C738628114A7800A18615 /* Resources */,
			);
			buildRules = (
			);
			dependencies = (
				9A9C738D28114A7800A18615 /* PBXTargetDependency */,
			);
			name = WeatherCleanSwiftTests;
			productName = WeatherCleanSwiftTests;
			productReference = 9A9C738828114A7800A18615 /* WeatherCleanSwiftTests.xctest */;
			productType = "com.apple.product-type.bundle.unit-test";
		};
/* End PBXNativeTarget section */

/* Begin PBXProject section */
		9A0766AF28075354008E9261 /* Project object */ = {
			isa = PBXProject;
			attributes = {
				BuildIndependentTargetsInParallel = 1;
				LastSwiftUpdateCheck = 1320;
				LastUpgradeCheck = 1320;
				TargetAttributes = {
					9A0766B628075354008E9261 = {
						CreatedOnToolsVersion = 13.2.1;
						LastSwiftMigration = 1320;
					};
					9A9C738728114A7800A18615 = {
						CreatedOnToolsVersion = 13.2.1;
						TestTargetID = 9A0766B628075354008E9261;
					};
				};
			};
			buildConfigurationList = 9A0766B228075354008E9261 /* Build configuration list for PBXProject "WeatherCleanSwift" */;
			compatibilityVersion = "Xcode 13.0";
			developmentRegion = en;
			hasScannedForEncodings = 0;
			knownRegions = (
				en,
				Base,
			);
			mainGroup = 9A0766AE28075354008E9261;
			productRefGroup = 9A0766B828075354008E9261 /* Products */;
			projectDirPath = "";
			projectRoot = "";
			targets = (
				9A0766B628075354008E9261 /* WeatherCleanSwift */,
				9A9C738728114A7800A18615 /* WeatherCleanSwiftTests */,
			);
		};
/* End PBXProject section */

/* Begin PBXResourcesBuildPhase section */
		9A0766B528075354008E9261 /* Resources */ = {
			isa = PBXResourcesBuildPhase;
			buildActionMask = 2147483647;
			files = (
				9A0766C428075355008E9261 /* Assets.xcassets in Resources */,
			);
			runOnlyForDeploymentPostprocessing = 0;
		};
		9A9C738628114A7800A18615 /* Resources */ = {
			isa = PBXResourcesBuildPhase;
			buildActionMask = 2147483647;
			files = (
			);
			runOnlyForDeploymentPostprocessing = 0;
		};
/* End PBXResourcesBuildPhase section */

/* Begin PBXShellScriptBuildPhase section */
		9AB725EB28094FC3004F6410 /* ShellScript */ = {
			isa = PBXShellScriptBuildPhase;
			buildActionMask = 2147483647;
			files = (
			);
			inputFileListPaths = (
			);
			inputPaths = (
			);
			outputFileListPaths = (
			);
			outputPaths = (
			);
			runOnlyForDeploymentPostprocessing = 0;
			shellPath = /bin/sh;
			shellScript = "expectedVersion='0.42.0'\nversion=$(swiftlint version)\n\nif [ \"$version\" != \"$expectedVersion\" ]\nthen\n  echo 'error: Не установлен SwiftLint требуемой версии '$expectedVersion'. Ваши правки могут не пройти пайплайны. Нужный SwiftLint можно установить используя инструкцию http://wiki.corp.dev.vtb/pages/viewpage.action?pageId=287924307.'\nelse\n  swiftlint --config ../.swiftlint.yml  --path ..\nfi\n";
			showEnvVarsInLog = 0;
		};
/* End PBXShellScriptBuildPhase section */

/* Begin PBXSourcesBuildPhase section */
		9A0766B328075354008E9261 /* Sources */ = {
			isa = PBXSourcesBuildPhase;
			buildActionMask = 2147483647;
			files = (
				9A0766DA280758DD008E9261 /* CitiesModels.swift in Sources */,
				9A08B61C2809A6D500ABF97C /* Networkmanager.swift in Sources */,
				9A0766DE280758DD008E9261 /* CitiesInteractor.swift in Sources */,
				9A0766D8280758DD008E9261 /* CitiesWorker.swift in Sources */,
				9A2821A4280EDE43000DF6D8 /* CitiesStorage.swift in Sources */,
				9A0766D9280758DD008E9261 /* CitiesRouter.swift in Sources */,
				9A0766D7280758DD008E9261 /* CitiesPresenter.swift in Sources */,
				9A0766BB28075354008E9261 /* AppDelegate.swift in Sources */,
				9A0766DD280758DD008E9261 /* CitiesAssembly.swift in Sources */,
				9A0766DB280758DD008E9261 /* CitiesViewController.swift in Sources */,
				9A0766DC280758DD008E9261 /* CitiesProtocols.swift in Sources */,
				9A0766BD28075354008E9261 /* SceneDelegate.swift in Sources */,
				9A240A5C280801C4001DE2DF /* CitiesCollectionViewCell.swift in Sources */,
			);
			runOnlyForDeploymentPostprocessing = 0;
		};
		9A9C738428114A7800A18615 /* Sources */ = {
			isa = PBXSourcesBuildPhase;
			buildActionMask = 2147483647;
			files = (
				9A407972281155000074BA0A /* CitiesWorkerTests.swift in Sources */,
				9A53466B28167E8C00CF2BFB /* CitiesPresenterMock.swift in Sources */,
				9A407978281198690074BA0A /* CitiesVCMock.swift in Sources */,
				9A4079762811937C0074BA0A /* CitiesPresenterTests.swift in Sources */,
				9A4079702811502D0074BA0A /* StorageMock.swift in Sources */,
				9A53466D2816813800CF2BFB /* CitiesWorkerMock.swift in Sources */,
				9A534669281677F300CF2BFB /* CitiesInteractorTests.swift in Sources */,
			);
			runOnlyForDeploymentPostprocessing = 0;
		};
/* End PBXSourcesBuildPhase section */

/* Begin PBXTargetDependency section */
		9A9C738D28114A7800A18615 /* PBXTargetDependency */ = {
			isa = PBXTargetDependency;
			target = 9A0766B628075354008E9261 /* WeatherCleanSwift */;
			targetProxy = 9A9C738C28114A7800A18615 /* PBXContainerItemProxy */;
		};
/* End PBXTargetDependency section */

/* Begin XCBuildConfiguration section */
		9A0766C928075355008E9261 /* Debug */ = {
			isa = XCBuildConfiguration;
			buildSettings = {
				ALWAYS_SEARCH_USER_PATHS = NO;
				CLANG_ANALYZER_NONNULL = YES;
				CLANG_ANALYZER_NUMBER_OBJECT_CONVERSION = YES_AGGRESSIVE;
				CLANG_CXX_LANGUAGE_STANDARD = "gnu++17";
				CLANG_CXX_LIBRARY = "libc++";
				CLANG_ENABLE_MODULES = YES;
				CLANG_ENABLE_OBJC_ARC = YES;
				CLANG_ENABLE_OBJC_WEAK = YES;
				CLANG_WARN_BLOCK_CAPTURE_AUTORELEASING = YES;
				CLANG_WARN_BOOL_CONVERSION = YES;
				CLANG_WARN_COMMA = YES;
				CLANG_WARN_CONSTANT_CONVERSION = YES;
				CLANG_WARN_DEPRECATED_OBJC_IMPLEMENTATIONS = YES;
				CLANG_WARN_DIRECT_OBJC_ISA_USAGE = YES_ERROR;
				CLANG_WARN_DOCUMENTATION_COMMENTS = YES;
				CLANG_WARN_EMPTY_BODY = YES;
				CLANG_WARN_ENUM_CONVERSION = YES;
				CLANG_WARN_INFINITE_RECURSION = YES;
				CLANG_WARN_INT_CONVERSION = YES;
				CLANG_WARN_NON_LITERAL_NULL_CONVERSION = YES;
				CLANG_WARN_OBJC_IMPLICIT_RETAIN_SELF = YES;
				CLANG_WARN_OBJC_LITERAL_CONVERSION = YES;
				CLANG_WARN_OBJC_ROOT_CLASS = YES_ERROR;
				CLANG_WARN_QUOTED_INCLUDE_IN_FRAMEWORK_HEADER = YES;
				CLANG_WARN_RANGE_LOOP_ANALYSIS = YES;
				CLANG_WARN_STRICT_PROTOTYPES = YES;
				CLANG_WARN_SUSPICIOUS_MOVE = YES;
				CLANG_WARN_UNGUARDED_AVAILABILITY = YES_AGGRESSIVE;
				CLANG_WARN_UNREACHABLE_CODE = YES;
				CLANG_WARN__DUPLICATE_METHOD_MATCH = YES;
				COPY_PHASE_STRIP = NO;
				DEBUG_INFORMATION_FORMAT = dwarf;
				ENABLE_STRICT_OBJC_MSGSEND = YES;
				ENABLE_TESTABILITY = YES;
				GCC_C_LANGUAGE_STANDARD = gnu11;
				GCC_DYNAMIC_NO_PIC = NO;
				GCC_NO_COMMON_BLOCKS = YES;
				GCC_OPTIMIZATION_LEVEL = 0;
				GCC_PREPROCESSOR_DEFINITIONS = (
					"DEBUG=1",
					"$(inherited)",
				);
				GCC_WARN_64_TO_32_BIT_CONVERSION = YES;
				GCC_WARN_ABOUT_RETURN_TYPE = YES_ERROR;
				GCC_WARN_UNDECLARED_SELECTOR = YES;
				GCC_WARN_UNINITIALIZED_AUTOS = YES_AGGRESSIVE;
				GCC_WARN_UNUSED_FUNCTION = YES;
				GCC_WARN_UNUSED_VARIABLE = YES;
				IPHONEOS_DEPLOYMENT_TARGET = 15.2;
				MTL_ENABLE_DEBUG_INFO = INCLUDE_SOURCE;
				MTL_FAST_MATH = YES;
				ONLY_ACTIVE_ARCH = YES;
				SDKROOT = iphoneos;
				SWIFT_ACTIVE_COMPILATION_CONDITIONS = DEBUG;
				SWIFT_OPTIMIZATION_LEVEL = "-Onone";
			};
			name = Debug;
		};
		9A0766CA28075355008E9261 /* Release */ = {
			isa = XCBuildConfiguration;
			buildSettings = {
				ALWAYS_SEARCH_USER_PATHS = NO;
				CLANG_ANALYZER_NONNULL = YES;
				CLANG_ANALYZER_NUMBER_OBJECT_CONVERSION = YES_AGGRESSIVE;
				CLANG_CXX_LANGUAGE_STANDARD = "gnu++17";
				CLANG_CXX_LIBRARY = "libc++";
				CLANG_ENABLE_MODULES = YES;
				CLANG_ENABLE_OBJC_ARC = YES;
				CLANG_ENABLE_OBJC_WEAK = YES;
				CLANG_WARN_BLOCK_CAPTURE_AUTORELEASING = YES;
				CLANG_WARN_BOOL_CONVERSION = YES;
				CLANG_WARN_COMMA = YES;
				CLANG_WARN_CONSTANT_CONVERSION = YES;
				CLANG_WARN_DEPRECATED_OBJC_IMPLEMENTATIONS = YES;
				CLANG_WARN_DIRECT_OBJC_ISA_USAGE = YES_ERROR;
				CLANG_WARN_DOCUMENTATION_COMMENTS = YES;
				CLANG_WARN_EMPTY_BODY = YES;
				CLANG_WARN_ENUM_CONVERSION = YES;
				CLANG_WARN_INFINITE_RECURSION = YES;
				CLANG_WARN_INT_CONVERSION = YES;
				CLANG_WARN_NON_LITERAL_NULL_CONVERSION = YES;
				CLANG_WARN_OBJC_IMPLICIT_RETAIN_SELF = YES;
				CLANG_WARN_OBJC_LITERAL_CONVERSION = YES;
				CLANG_WARN_OBJC_ROOT_CLASS = YES_ERROR;
				CLANG_WARN_QUOTED_INCLUDE_IN_FRAMEWORK_HEADER = YES;
				CLANG_WARN_RANGE_LOOP_ANALYSIS = YES;
				CLANG_WARN_STRICT_PROTOTYPES = YES;
				CLANG_WARN_SUSPICIOUS_MOVE = YES;
				CLANG_WARN_UNGUARDED_AVAILABILITY = YES_AGGRESSIVE;
				CLANG_WARN_UNREACHABLE_CODE = YES;
				CLANG_WARN__DUPLICATE_METHOD_MATCH = YES;
				COPY_PHASE_STRIP = NO;
				DEBUG_INFORMATION_FORMAT = "dwarf-with-dsym";
				ENABLE_NS_ASSERTIONS = NO;
				ENABLE_STRICT_OBJC_MSGSEND = YES;
				GCC_C_LANGUAGE_STANDARD = gnu11;
				GCC_NO_COMMON_BLOCKS = YES;
				GCC_WARN_64_TO_32_BIT_CONVERSION = YES;
				GCC_WARN_ABOUT_RETURN_TYPE = YES_ERROR;
				GCC_WARN_UNDECLARED_SELECTOR = YES;
				GCC_WARN_UNINITIALIZED_AUTOS = YES_AGGRESSIVE;
				GCC_WARN_UNUSED_FUNCTION = YES;
				GCC_WARN_UNUSED_VARIABLE = YES;
				IPHONEOS_DEPLOYMENT_TARGET = 15.2;
				MTL_ENABLE_DEBUG_INFO = NO;
				MTL_FAST_MATH = YES;
				SDKROOT = iphoneos;
				SWIFT_COMPILATION_MODE = wholemodule;
				SWIFT_OPTIMIZATION_LEVEL = "-O";
				VALIDATE_PRODUCT = YES;
			};
			name = Release;
		};
		9A0766CC28075355008E9261 /* Debug */ = {
			isa = XCBuildConfiguration;
			buildSettings = {
				ASSETCATALOG_COMPILER_APPICON_NAME = AppIcon;
				ASSETCATALOG_COMPILER_GLOBAL_ACCENT_COLOR_NAME = AccentColor;
				CLANG_ENABLE_MODULES = YES;
				CODE_SIGN_STYLE = Automatic;
				CURRENT_PROJECT_VERSION = 1;
				DEVELOPMENT_TEAM = 577HJL96V9;
				GENERATE_INFOPLIST_FILE = YES;
				INFOPLIST_FILE = WeatherCleanSwift/Info.plist;
				INFOPLIST_KEY_UIApplicationSupportsIndirectInputEvents = YES;
				INFOPLIST_KEY_UILaunchStoryboardName = LaunchScreen;
				INFOPLIST_KEY_UISupportedInterfaceOrientations_iPad = "UIInterfaceOrientationPortrait UIInterfaceOrientationPortraitUpsideDown UIInterfaceOrientationLandscapeLeft UIInterfaceOrientationLandscapeRight";
				INFOPLIST_KEY_UISupportedInterfaceOrientations_iPhone = "UIInterfaceOrientationPortrait UIInterfaceOrientationLandscapeLeft UIInterfaceOrientationLandscapeRight";
				LD_RUNPATH_SEARCH_PATHS = (
					"$(inherited)",
					"@executable_path/Frameworks",
				);
				MARKETING_VERSION = 1.0;
				PRODUCT_BUNDLE_IDENTIFIER = nilProduction.WeatherCleanSwift;
				PRODUCT_NAME = "$(TARGET_NAME)";
				SWIFT_EMIT_LOC_STRINGS = YES;
				SWIFT_OPTIMIZATION_LEVEL = "-Onone";
				SWIFT_VERSION = 5.0;
				TARGETED_DEVICE_FAMILY = "1,2";
			};
			name = Debug;
		};
		9A0766CD28075355008E9261 /* Release */ = {
			isa = XCBuildConfiguration;
			buildSettings = {
				ASSETCATALOG_COMPILER_APPICON_NAME = AppIcon;
				ASSETCATALOG_COMPILER_GLOBAL_ACCENT_COLOR_NAME = AccentColor;
				CLANG_ENABLE_MODULES = YES;
				CODE_SIGN_STYLE = Automatic;
				CURRENT_PROJECT_VERSION = 1;
				DEVELOPMENT_TEAM = 577HJL96V9;
				GENERATE_INFOPLIST_FILE = YES;
				INFOPLIST_FILE = WeatherCleanSwift/Info.plist;
				INFOPLIST_KEY_UIApplicationSupportsIndirectInputEvents = YES;
				INFOPLIST_KEY_UILaunchStoryboardName = LaunchScreen;
				INFOPLIST_KEY_UISupportedInterfaceOrientations_iPad = "UIInterfaceOrientationPortrait UIInterfaceOrientationPortraitUpsideDown UIInterfaceOrientationLandscapeLeft UIInterfaceOrientationLandscapeRight";
				INFOPLIST_KEY_UISupportedInterfaceOrientations_iPhone = "UIInterfaceOrientationPortrait UIInterfaceOrientationLandscapeLeft UIInterfaceOrientationLandscapeRight";
				LD_RUNPATH_SEARCH_PATHS = (
					"$(inherited)",
					"@executable_path/Frameworks",
				);
				MARKETING_VERSION = 1.0;
				PRODUCT_BUNDLE_IDENTIFIER = nilProduction.WeatherCleanSwift;
				PRODUCT_NAME = "$(TARGET_NAME)";
				SWIFT_EMIT_LOC_STRINGS = YES;
				SWIFT_VERSION = 5.0;
				TARGETED_DEVICE_FAMILY = "1,2";
			};
			name = Release;
		};
		9A9C738E28114A7800A18615 /* Debug */ = {
			isa = XCBuildConfiguration;
			buildSettings = {
				BUNDLE_LOADER = "$(TEST_HOST)";
				CODE_SIGN_STYLE = Automatic;
				CURRENT_PROJECT_VERSION = 1;
				DEVELOPMENT_TEAM = 577HJL96V9;
				GENERATE_INFOPLIST_FILE = YES;
				MARKETING_VERSION = 1.0;
				PRODUCT_BUNDLE_IDENTIFIER = nilProduction.WeatherCleanSwiftTests;
				PRODUCT_NAME = "$(TARGET_NAME)";
				SWIFT_EMIT_LOC_STRINGS = NO;
				SWIFT_VERSION = 5.0;
				TARGETED_DEVICE_FAMILY = "1,2";
				TEST_HOST = "$(BUILT_PRODUCTS_DIR)/WeatherCleanSwift.app/WeatherCleanSwift";
			};
			name = Debug;
		};
		9A9C738F28114A7800A18615 /* Release */ = {
			isa = XCBuildConfiguration;
			buildSettings = {
				BUNDLE_LOADER = "$(TEST_HOST)";
				CODE_SIGN_STYLE = Automatic;
				CURRENT_PROJECT_VERSION = 1;
				DEVELOPMENT_TEAM = 577HJL96V9;
				GENERATE_INFOPLIST_FILE = YES;
				MARKETING_VERSION = 1.0;
				PRODUCT_BUNDLE_IDENTIFIER = nilProduction.WeatherCleanSwiftTests;
				PRODUCT_NAME = "$(TARGET_NAME)";
				SWIFT_EMIT_LOC_STRINGS = NO;
				SWIFT_VERSION = 5.0;
				TARGETED_DEVICE_FAMILY = "1,2";
				TEST_HOST = "$(BUILT_PRODUCTS_DIR)/WeatherCleanSwift.app/WeatherCleanSwift";
			};
			name = Release;
		};
/* End XCBuildConfiguration section */

/* Begin XCConfigurationList section */
		9A0766B228075354008E9261 /* Build configuration list for PBXProject "WeatherCleanSwift" */ = {
			isa = XCConfigurationList;
			buildConfigurations = (
				9A0766C928075355008E9261 /* Debug */,
				9A0766CA28075355008E9261 /* Release */,
			);
			defaultConfigurationIsVisible = 0;
			defaultConfigurationName = Release;
		};
		9A0766CB28075355008E9261 /* Build configuration list for PBXNativeTarget "WeatherCleanSwift" */ = {
			isa = XCConfigurationList;
			buildConfigurations = (
				9A0766CC28075355008E9261 /* Debug */,
				9A0766CD28075355008E9261 /* Release */,
			);
			defaultConfigurationIsVisible = 0;
			defaultConfigurationName = Release;
		};
		9A9C739028114A7800A18615 /* Build configuration list for PBXNativeTarget "WeatherCleanSwiftTests" */ = {
			isa = XCConfigurationList;
			buildConfigurations = (
				9A9C738E28114A7800A18615 /* Debug */,
				9A9C738F28114A7800A18615 /* Release */,
			);
			defaultConfigurationIsVisible = 0;
			defaultConfigurationName = Release;
		};
/* End XCConfigurationList section */
	};
	rootObject = 9A0766AF28075354008E9261 /* Project object */;
}
